
Microsoft Visual Studio Solution File, Format Version 12.00
# Visual Studio Version 17
VisualStudioVersion = 17.7.34031.279
MinimumVisualStudioVersion = 10.0.40219.1
Project("{2150E333-8FDC-42A3-9474-1A3956D46DE8}") = "Services", "Services", "{6A57B7F6-B524-4489-B1A7-D4447650065F}"
EndProject
Project("{2150E333-8FDC-42A3-9474-1A3956D46DE8}") = "Catalog", "Catalog", "{75964A3C-776F-43C3-9EAB-0AA22C845707}"
EndProject
Project("{9A19103F-16F7-4668-BE54-9A1E7A4F7556}") = "Catalog.Api", "Services\Catalog\Catalog.Api\Catalog.Api.csproj", "{0DD7E776-4E23-42C1-9241-283BCCB12731}"
EndProject
Project("{E53339B2-1760-4266-BCC7-CA923CBCF16C}") = "docker-compose", "docker-compose.dcproj", "{BF86CFB6-9A59-4871-A661-79A67BEAE27A}"
EndProject
Project("{2150E333-8FDC-42A3-9474-1A3956D46DE8}") = "Basket", "Basket", "{56687470-C3A5-4F86-A863-A8C6EAFFBBED}"
EndProject
Project("{9A19103F-16F7-4668-BE54-9A1E7A4F7556}") = "Basket.Api", "services\Basket\Basket.Api\Basket.Api.csproj", "{2B838084-0127-4625-A227-3DF0942B0B71}"
EndProject
Project("{2150E333-8FDC-42A3-9474-1A3956D46DE8}") = "Discount", "Discount", "{2ED802EF-1183-48DD-8592-46E4A76318D5}"
EndProject
Project("{9A19103F-16F7-4668-BE54-9A1E7A4F7556}") = "Discount.Api", "Services\Discount\Discount.Api\Discount.Api.csproj", "{80759E1B-76B3-4B74-B1B8-EBCB6F1AA8F3}"
EndProject
Project("{9A19103F-16F7-4668-BE54-9A1E7A4F7556}") = "Discount.Grpc", "Services\Discount\Discount.Grpc\Discount.Grpc.csproj", "{567A8CB0-E32D-4661-94AC-5B308DAE872C}"
EndProject
Project("{2150E333-8FDC-42A3-9474-1A3956D46DE8}") = "Ordering", "Ordering", "{36BAC2CE-F96A-4724-B373-08685BD02258}"
EndProject
Project("{9A19103F-16F7-4668-BE54-9A1E7A4F7556}") = "Ordering.Api", "Services\Ordering\Ordering.Api\Ordering.Api.csproj", "{29BE34A8-823E-4A4E-901C-40D2B52A79A3}"
EndProject
Project("{9A19103F-16F7-4668-BE54-9A1E7A4F7556}") = "Ordering.Domain", "Services\Ordering\Ordering.Domain\Ordering.Domain.csproj", "{82CAFD03-BB40-41E9-A6EC-985D6E13CAFE}"
EndProject
Project("{9A19103F-16F7-4668-BE54-9A1E7A4F7556}") = "Ordering.Application", "Services\Ordering\Ordering.Application\Ordering.Application.csproj", "{A4D3762B-24B6-434E-A59E-D8D892E4D8B7}"
EndProject
Project("{9A19103F-16F7-4668-BE54-9A1E7A4F7556}") = "Ordering.Infrastructure", "Services\Ordering\Ordering.Infrastructure\Ordering.Infrastructure.csproj", "{C1EBDA1E-7BCA-4649-AD79-3EB2E2905978}"
EndProject
Project("{2150E333-8FDC-42A3-9474-1A3956D46DE8}") = "BuildingBlocks", "BuildingBlocks", "{AACD874C-3E7C-4F43-BD15-0446E7F1364F}"
EndProject
Project("{9A19103F-16F7-4668-BE54-9A1E7A4F7556}") = "EventBus.Message", "BuildingBlocks\EventBus.Message\EventBus.Message.csproj", "{A296C1F0-7F5B-466D-96F7-5B0652A930BD}"
EndProject
Project("{2150E333-8FDC-42A3-9474-1A3956D46DE8}") = "ApiGateway", "ApiGateway", "{59C6F282-A2D2-47B2-B60D-FA184B60ED40}"
EndProject
Project("{FAE04EC0-301F-11D3-BF4B-00C04F79EFBC}") = "OcelotApiGw", "ApiGateway\OcelotApiGw\OcelotApiGw.csproj", "{6ADA586C-88FC-456A-9907-EFB512103EF2}"
EndProject
Global
	GlobalSection(SolutionConfigurationPlatforms) = preSolution
		Debug|Any CPU = Debug|Any CPU
		Release|Any CPU = Release|Any CPU
	EndGlobalSection
	GlobalSection(ProjectConfigurationPlatforms) = postSolution
		{0DD7E776-4E23-42C1-9241-283BCCB12731}.Debug|Any CPU.ActiveCfg = Debug|Any CPU
		{0DD7E776-4E23-42C1-9241-283BCCB12731}.Debug|Any CPU.Build.0 = Debug|Any CPU
		{0DD7E776-4E23-42C1-9241-283BCCB12731}.Release|Any CPU.ActiveCfg = Release|Any CPU
		{0DD7E776-4E23-42C1-9241-283BCCB12731}.Release|Any CPU.Build.0 = Release|Any CPU
		{BF86CFB6-9A59-4871-A661-79A67BEAE27A}.Debug|Any CPU.ActiveCfg = Debug|Any CPU
		{BF86CFB6-9A59-4871-A661-79A67BEAE27A}.Debug|Any CPU.Build.0 = Debug|Any CPU
		{BF86CFB6-9A59-4871-A661-79A67BEAE27A}.Release|Any CPU.ActiveCfg = Release|Any CPU
		{BF86CFB6-9A59-4871-A661-79A67BEAE27A}.Release|Any CPU.Build.0 = Release|Any CPU
		{2B838084-0127-4625-A227-3DF0942B0B71}.Debug|Any CPU.ActiveCfg = Debug|Any CPU
		{2B838084-0127-4625-A227-3DF0942B0B71}.Debug|Any CPU.Build.0 = Debug|Any CPU
		{2B838084-0127-4625-A227-3DF0942B0B71}.Release|Any CPU.ActiveCfg = Release|Any CPU
		{2B838084-0127-4625-A227-3DF0942B0B71}.Release|Any CPU.Build.0 = Release|Any CPU
		{80759E1B-76B3-4B74-B1B8-EBCB6F1AA8F3}.Debug|Any CPU.ActiveCfg = Debug|Any CPU
		{80759E1B-76B3-4B74-B1B8-EBCB6F1AA8F3}.Debug|Any CPU.Build.0 = Debug|Any CPU
		{80759E1B-76B3-4B74-B1B8-EBCB6F1AA8F3}.Release|Any CPU.ActiveCfg = Release|Any CPU
		{80759E1B-76B3-4B74-B1B8-EBCB6F1AA8F3}.Release|Any CPU.Build.0 = Release|Any CPU
		{567A8CB0-E32D-4661-94AC-5B308DAE872C}.Debug|Any CPU.ActiveCfg = Debug|Any CPU
		{567A8CB0-E32D-4661-94AC-5B308DAE872C}.Debug|Any CPU.Build.0 = Debug|Any CPU
		{567A8CB0-E32D-4661-94AC-5B308DAE872C}.Release|Any CPU.ActiveCfg = Release|Any CPU
		{567A8CB0-E32D-4661-94AC-5B308DAE872C}.Release|Any CPU.Build.0 = Release|Any CPU
		{29BE34A8-823E-4A4E-901C-40D2B52A79A3}.Debug|Any CPU.ActiveCfg = Debug|Any CPU
		{29BE34A8-823E-4A4E-901C-40D2B52A79A3}.Debug|Any CPU.Build.0 = Debug|Any CPU
		{29BE34A8-823E-4A4E-901C-40D2B52A79A3}.Release|Any CPU.ActiveCfg = Release|Any CPU
		{29BE34A8-823E-4A4E-901C-40D2B52A79A3}.Release|Any CPU.Build.0 = Release|Any CPU
		{82CAFD03-BB40-41E9-A6EC-985D6E13CAFE}.Debug|Any CPU.ActiveCfg = Debug|Any CPU
		{82CAFD03-BB40-41E9-A6EC-985D6E13CAFE}.Debug|Any CPU.Build.0 = Debug|Any CPU
		{82CAFD03-BB40-41E9-A6EC-985D6E13CAFE}.Release|Any CPU.ActiveCfg = Release|Any CPU
		{82CAFD03-BB40-41E9-A6EC-985D6E13CAFE}.Release|Any CPU.Build.0 = Release|Any CPU
		{A4D3762B-24B6-434E-A59E-D8D892E4D8B7}.Debug|Any CPU.ActiveCfg = Debug|Any CPU
		{A4D3762B-24B6-434E-A59E-D8D892E4D8B7}.Debug|Any CPU.Build.0 = Debug|Any CPU
		{A4D3762B-24B6-434E-A59E-D8D892E4D8B7}.Release|Any CPU.ActiveCfg = Release|Any CPU
		{A4D3762B-24B6-434E-A59E-D8D892E4D8B7}.Release|Any CPU.Build.0 = Release|Any CPU
		{C1EBDA1E-7BCA-4649-AD79-3EB2E2905978}.Debug|Any CPU.ActiveCfg = Debug|Any CPU
		{C1EBDA1E-7BCA-4649-AD79-3EB2E2905978}.Debug|Any CPU.Build.0 = Debug|Any CPU
		{C1EBDA1E-7BCA-4649-AD79-3EB2E2905978}.Release|Any CPU.ActiveCfg = Release|Any CPU
		{C1EBDA1E-7BCA-4649-AD79-3EB2E2905978}.Release|Any CPU.Build.0 = Release|Any CPU
		{A296C1F0-7F5B-466D-96F7-5B0652A930BD}.Debug|Any CPU.ActiveCfg = Debug|Any CPU
		{A296C1F0-7F5B-466D-96F7-5B0652A930BD}.Debug|Any CPU.Build.0 = Debug|Any CPU
		{A296C1F0-7F5B-466D-96F7-5B0652A930BD}.Release|Any CPU.ActiveCfg = Release|Any CPU
		{A296C1F0-7F5B-466D-96F7-5B0652A930BD}.Release|Any CPU.Build.0 = Release|Any CPU
		{6ADA586C-88FC-456A-9907-EFB512103EF2}.Debug|Any CPU.ActiveCfg = Debug|Any CPU
		{6ADA586C-88FC-456A-9907-EFB512103EF2}.Debug|Any CPU.Build.0 = Debug|Any CPU
		{6ADA586C-88FC-456A-9907-EFB512103EF2}.Release|Any CPU.ActiveCfg = Release|Any CPU
		{6ADA586C-88FC-456A-9907-EFB512103EF2}.Release|Any CPU.Build.0 = Release|Any CPU
	EndGlobalSection
	GlobalSection(SolutionProperties) = preSolution
		HideSolutionNode = FALSE
	EndGlobalSection
	GlobalSection(NestedProjects) = preSolution
		{75964A3C-776F-43C3-9EAB-0AA22C845707} = {6A57B7F6-B524-4489-B1A7-D4447650065F}
		{0DD7E776-4E23-42C1-9241-283BCCB12731} = {75964A3C-776F-43C3-9EAB-0AA22C845707}
		{56687470-C3A5-4F86-A863-A8C6EAFFBBED} = {6A57B7F6-B524-4489-B1A7-D4447650065F}
		{2B838084-0127-4625-A227-3DF0942B0B71} = {56687470-C3A5-4F86-A863-A8C6EAFFBBED}
		{2ED802EF-1183-48DD-8592-46E4A76318D5} = {6A57B7F6-B524-4489-B1A7-D4447650065F}
		{80759E1B-76B3-4B74-B1B8-EBCB6F1AA8F3} = {2ED802EF-1183-48DD-8592-46E4A76318D5}
		{567A8CB0-E32D-4661-94AC-5B308DAE872C} = {2ED802EF-1183-48DD-8592-46E4A76318D5}
		{36BAC2CE-F96A-4724-B373-08685BD02258} = {6A57B7F6-B524-4489-B1A7-D4447650065F}
		{29BE34A8-823E-4A4E-901C-40D2B52A79A3} = {36BAC2CE-F96A-4724-B373-08685BD02258}
		{82CAFD03-BB40-41E9-A6EC-985D6E13CAFE} = {36BAC2CE-F96A-4724-B373-08685BD02258}
		{A4D3762B-24B6-434E-A59E-D8D892E4D8B7} = {36BAC2CE-F96A-4724-B373-08685BD02258}
		{C1EBDA1E-7BCA-4649-AD79-3EB2E2905978} = {36BAC2CE-F96A-4724-B373-08685BD02258}
		{A296C1F0-7F5B-466D-96F7-5B0652A930BD} = {AACD874C-3E7C-4F43-BD15-0446E7F1364F}
		{6ADA586C-88FC-456A-9907-EFB512103EF2} = {59C6F282-A2D2-47B2-B60D-FA184B60ED40}
	EndGlobalSection
	GlobalSection(ExtensibilityGlobals) = postSolution
		SolutionGuid = {7529A08E-26F4-4943-8049-7BE0E778EA13}
	EndGlobalSection
EndGlobal
