
Microsoft Visual Studio Solution File, Format Version 12.00
# Visual Studio Version 17
VisualStudioVersion = 17.7.34031.279
MinimumVisualStudioVersion = 10.0.40219.1
Project("{2150E333-8FDC-42A3-9474-1A3956D46DE8}") = "Services", "Services", "{6A57B7F6-B524-4489-B1A7-D4447650065F}"
EndProject
Project("{2150E333-8FDC-42A3-9474-1A3956D46DE8}") = "Catalog", "Catalog", "{75964A3C-776F-43C3-9EAB-0AA22C845707}"
EndProject
Project("{FAE04EC0-301F-11D3-BF4B-00C04F79EFBC}") = "Catalog.Api", "Services\Catalog\Catalog.Api\Catalog.Api.csproj", "{0DD7E776-4E23-42C1-9241-283BCCB12731}"
EndProject
Global
	GlobalSection(SolutionConfigurationPlatforms) = preSolution
		Debug|Any CPU = Debug|Any CPU
		Release|Any CPU = Release|Any CPU
	EndGlobalSection
	GlobalSection(ProjectConfigurationPlatforms) = postSolution
		{0DD7E776-4E23-42C1-9241-283BCCB12731}.Debug|Any CPU.ActiveCfg = Debug|Any CPU
		{0DD7E776-4E23-42C1-9241-283BCCB12731}.Debug|Any CPU.Build.0 = Debug|Any CPU
		{0DD7E776-4E23-42C1-9241-283BCCB12731}.Release|Any CPU.ActiveCfg = Release|Any CPU
		{0DD7E776-4E23-42C1-9241-283BCCB12731}.Release|Any CPU.Build.0 = Release|Any CPU
	EndGlobalSection
	GlobalSection(SolutionProperties) = preSolution
		HideSolutionNode = FALSE
	EndGlobalSection
	GlobalSection(NestedProjects) = preSolution
		{75964A3C-776F-43C3-9EAB-0AA22C845707} = {6A57B7F6-B524-4489-B1A7-D4447650065F}
		{0DD7E776-4E23-42C1-9241-283BCCB12731} = {75964A3C-776F-43C3-9EAB-0AA22C845707}
	EndGlobalSection
	GlobalSection(ExtensibilityGlobals) = postSolution
		SolutionGuid = {7529A08E-26F4-4943-8049-7BE0E778EA13}
	EndGlobalSection
EndGlobal
