
Microsoft Visual Studio Solution File, Format Version 12.00
# Visual Studio Version 17
VisualStudioVersion = 17.7.34031.279
MinimumVisualStudioVersion = 10.0.40219.1
Project("{2150E333-8FDC-42A3-9474-1A3956D46DE8}") = "Services", "Services", "{6A57B7F6-B524-4489-B1A7-D4447650065F}"
EndProject
Project("{2150E333-8FDC-42A3-9474-1A3956D46DE8}") = "Catalog", "Catalog", "{75964A3C-776F-43C3-9EAB-0AA22C845707}"
EndProject
Project("{9A19103F-16F7-4668-BE54-9A1E7A4F7556}") = "Catalog.Api", "Services\Catalog\Catalog.Api\Catalog.Api.csproj", "{0DD7E776-4E23-42C1-9241-283BCCB12731}"
EndProject
Project("{E53339B2-1760-4266-BCC7-CA923CBCF16C}") = "docker-compose", "docker-compose.dcproj", "{BF86CFB6-9A59-4871-A661-79A67BEAE27A}"
EndProject
Project("{2150E333-8FDC-42A3-9474-1A3956D46DE8}") = "Basket", "Basket", "{56687470-C3A5-4F86-A863-A8C6EAFFBBED}"
EndProject
Project("{FAE04EC0-301F-11D3-BF4B-00C04F79EFBC}") = "Basket.Api", "services\Basket\Basket.Api\Basket.Api.csproj", "{2B838084-0127-4625-A227-3DF0942B0B71}"
EndProject
Global
	GlobalSection(SolutionConfigurationPlatforms) = preSolution
		Debug|Any CPU = Debug|Any CPU
		Release|Any CPU = Release|Any CPU
	EndGlobalSection
	GlobalSection(ProjectConfigurationPlatforms) = postSolution
		{0DD7E776-4E23-42C1-9241-283BCCB12731}.Debug|Any CPU.ActiveCfg = Debug|Any CPU
		{0DD7E776-4E23-42C1-9241-283BCCB12731}.Debug|Any CPU.Build.0 = Debug|Any CPU
		{0DD7E776-4E23-42C1-9241-283BCCB12731}.Release|Any CPU.ActiveCfg = Release|Any CPU
		{0DD7E776-4E23-42C1-9241-283BCCB12731}.Release|Any CPU.Build.0 = Release|Any CPU
		{BF86CFB6-9A59-4871-A661-79A67BEAE27A}.Debug|Any CPU.ActiveCfg = Debug|Any CPU
		{BF86CFB6-9A59-4871-A661-79A67BEAE27A}.Debug|Any CPU.Build.0 = Debug|Any CPU
		{BF86CFB6-9A59-4871-A661-79A67BEAE27A}.Release|Any CPU.ActiveCfg = Release|Any CPU
		{BF86CFB6-9A59-4871-A661-79A67BEAE27A}.Release|Any CPU.Build.0 = Release|Any CPU
		{2B838084-0127-4625-A227-3DF0942B0B71}.Debug|Any CPU.ActiveCfg = Debug|Any CPU
		{2B838084-0127-4625-A227-3DF0942B0B71}.Debug|Any CPU.Build.0 = Debug|Any CPU
		{2B838084-0127-4625-A227-3DF0942B0B71}.Release|Any CPU.ActiveCfg = Release|Any CPU
		{2B838084-0127-4625-A227-3DF0942B0B71}.Release|Any CPU.Build.0 = Release|Any CPU
	EndGlobalSection
	GlobalSection(SolutionProperties) = preSolution
		HideSolutionNode = FALSE
	EndGlobalSection
	GlobalSection(NestedProjects) = preSolution
		{75964A3C-776F-43C3-9EAB-0AA22C845707} = {6A57B7F6-B524-4489-B1A7-D4447650065F}
		{0DD7E776-4E23-42C1-9241-283BCCB12731} = {75964A3C-776F-43C3-9EAB-0AA22C845707}
		{56687470-C3A5-4F86-A863-A8C6EAFFBBED} = {6A57B7F6-B524-4489-B1A7-D4447650065F}
		{2B838084-0127-4625-A227-3DF0942B0B71} = {56687470-C3A5-4F86-A863-A8C6EAFFBBED}
	EndGlobalSection
	GlobalSection(ExtensibilityGlobals) = postSolution
		SolutionGuid = {7529A08E-26F4-4943-8049-7BE0E778EA13}
	EndGlobalSection
EndGlobal
